
Microsoft Visual Studio Solution File, Format Version 12.00
# Visual Studio Version 16
VisualStudioVersion = 16.0.29806.167
MinimumVisualStudioVersion = 10.0.40219.1
Project("{8BC9CEB8-8B4A-11D0-8D11-00A0C91BC942}") = "server", "server\server.vcxproj", "{3BBCD70A-A506-4A1F-89A9-6FA800AD68E9}"
EndProject
Project("{8BC9CEB8-8B4A-11D0-8D11-00A0C91BC942}") = "client", "client\client.vcxproj", "{8AB1B288-91C9-4378-A468-9CCC48829BD4}"
EndProject
Project("{2150E333-8FDC-42A3-9474-1A3956D46DE8}") = "common", "common", "{63190669-0D56-4B8F-9C9B-DFEFFDDB8FAC}"
	ProjectSection(SolutionItems) = preProject
		common\common.h = common\common.h
		common\interfaces.h = common\interfaces.h
		common\RequestParser.cpp = common\RequestParser.cpp
		common\RequestParser.h = common\RequestParser.h
		common\ResponseParser.cpp = common\ResponseParser.cpp
		common\ResponseParser.h = common\ResponseParser.h
		common\tinyxml2.cpp = common\tinyxml2.cpp
		common\tinyxml2.h = common\tinyxml2.h
	EndProjectSection
EndProject
Project("{8BC9CEB8-8B4A-11D0-8D11-00A0C91BC942}") = "naval", "naval\naval.vcxproj", "{F5BE935C-AE9A-4D6C-91EC-2B8DDBB02E16}"
EndProject
Project("{2150E333-8FDC-42A3-9474-1A3956D46DE8}") = "game", "game", "{B8D1FB1F-FF21-4393-92A3-C2929708F13D}"
	ProjectSection(SolutionItems) = preProject
		common\game\Field.cpp = common\game\Field.cpp
		common\game\Field.h = common\game\Field.h
		common\game\Ship.cpp = common\game\Ship.cpp
		common\game\Ship.h = common\game\Ship.h
		common\game\Strategy.cpp = common\game\Strategy.cpp
		common\game\Strategy.h = common\game\Strategy.h
	EndProjectSection
EndProject
Global
	GlobalSection(SolutionConfigurationPlatforms) = preSolution
		Debug|x64 = Debug|x64
		Debug|x86 = Debug|x86
		Release|x64 = Release|x64
		Release|x86 = Release|x86
	EndGlobalSection
	GlobalSection(ProjectConfigurationPlatforms) = postSolution
		{3BBCD70A-A506-4A1F-89A9-6FA800AD68E9}.Debug|x64.ActiveCfg = Debug|x64
		{3BBCD70A-A506-4A1F-89A9-6FA800AD68E9}.Debug|x64.Build.0 = Debug|x64
		{3BBCD70A-A506-4A1F-89A9-6FA800AD68E9}.Debug|x86.ActiveCfg = Debug|Win32
		{3BBCD70A-A506-4A1F-89A9-6FA800AD68E9}.Debug|x86.Build.0 = Debug|Win32
		{3BBCD70A-A506-4A1F-89A9-6FA800AD68E9}.Release|x64.ActiveCfg = Release|x64
		{3BBCD70A-A506-4A1F-89A9-6FA800AD68E9}.Release|x64.Build.0 = Release|x64
		{3BBCD70A-A506-4A1F-89A9-6FA800AD68E9}.Release|x86.ActiveCfg = Release|Win32
		{3BBCD70A-A506-4A1F-89A9-6FA800AD68E9}.Release|x86.Build.0 = Release|Win32
		{8AB1B288-91C9-4378-A468-9CCC48829BD4}.Debug|x64.ActiveCfg = Debug|x64
		{8AB1B288-91C9-4378-A468-9CCC48829BD4}.Debug|x64.Build.0 = Debug|x64
		{8AB1B288-91C9-4378-A468-9CCC48829BD4}.Debug|x86.ActiveCfg = Debug|Win32
		{8AB1B288-91C9-4378-A468-9CCC48829BD4}.Debug|x86.Build.0 = Debug|Win32
		{8AB1B288-91C9-4378-A468-9CCC48829BD4}.Release|x64.ActiveCfg = Release|x64
		{8AB1B288-91C9-4378-A468-9CCC48829BD4}.Release|x64.Build.0 = Release|x64
		{8AB1B288-91C9-4378-A468-9CCC48829BD4}.Release|x86.ActiveCfg = Release|Win32
		{8AB1B288-91C9-4378-A468-9CCC48829BD4}.Release|x86.Build.0 = Release|Win32
		{F5BE935C-AE9A-4D6C-91EC-2B8DDBB02E16}.Debug|x64.ActiveCfg = Debug|x64
		{F5BE935C-AE9A-4D6C-91EC-2B8DDBB02E16}.Debug|x64.Build.0 = Debug|x64
		{F5BE935C-AE9A-4D6C-91EC-2B8DDBB02E16}.Debug|x86.ActiveCfg = Debug|Win32
		{F5BE935C-AE9A-4D6C-91EC-2B8DDBB02E16}.Debug|x86.Build.0 = Debug|Win32
		{F5BE935C-AE9A-4D6C-91EC-2B8DDBB02E16}.Release|x64.ActiveCfg = Release|x64
		{F5BE935C-AE9A-4D6C-91EC-2B8DDBB02E16}.Release|x64.Build.0 = Release|x64
		{F5BE935C-AE9A-4D6C-91EC-2B8DDBB02E16}.Release|x86.ActiveCfg = Release|Win32
		{F5BE935C-AE9A-4D6C-91EC-2B8DDBB02E16}.Release|x86.Build.0 = Release|Win32
	EndGlobalSection
	GlobalSection(SolutionProperties) = preSolution
		HideSolutionNode = FALSE
	EndGlobalSection
	GlobalSection(NestedProjects) = preSolution
		{B8D1FB1F-FF21-4393-92A3-C2929708F13D} = {63190669-0D56-4B8F-9C9B-DFEFFDDB8FAC}
	EndGlobalSection
	GlobalSection(ExtensibilityGlobals) = postSolution
		SolutionGuid = {D3DAF841-E682-448A-B34A-0547CC96244A}
	EndGlobalSection
EndGlobal
